
Microsoft Visual Studio Solution File, Format Version 12.00
# Visual Studio Version 17
VisualStudioVersion = 17.13.35931.197 d17.13
MinimumVisualStudioVersion = 10.0.40219.1
Project("{FAE04EC0-301F-11D3-BF4B-00C04F79EFBC}") = "EasySaveConsole", "EasySaveConsole\EasySaveConsole.csproj", "{A2523DD3-4EF6-437A-8AFB-730C6FDA2203}"
EndProject
Global
	GlobalSection(SolutionConfigurationPlatforms) = preSolution
		Debug|Any CPU = Debug|Any CPU
		Release|Any CPU = Release|Any CPU
	EndGlobalSection
	GlobalSection(ProjectConfigurationPlatforms) = postSolution
		{A2523DD3-4EF6-437A-8AFB-730C6FDA2203}.Debug|Any CPU.ActiveCfg = Debug|Any CPU
		{A2523DD3-4EF6-437A-8AFB-730C6FDA2203}.Debug|Any CPU.Build.0 = Debug|Any CPU
		{A2523DD3-4EF6-437A-8AFB-730C6FDA2203}.Release|Any CPU.ActiveCfg = Release|Any CPU
		{A2523DD3-4EF6-437A-8AFB-730C6FDA2203}.Release|Any CPU.Build.0 = Release|Any CPU
	EndGlobalSection
	GlobalSection(SolutionProperties) = preSolution
		HideSolutionNode = FALSE
	EndGlobalSection
	GlobalSection(ExtensibilityGlobals) = postSolution
		SolutionGuid = {41F7B68C-0245-4768-A815-285CC50347AD}
	EndGlobalSection
EndGlobal
