
Microsoft Visual Studio Solution File, Format Version 12.00
# Visual Studio Version 17
VisualStudioVersion = 17.13.35931.197
MinimumVisualStudioVersion = 10.0.40219.1
Project("{FAE04EC0-301F-11D3-BF4B-00C04F79EFBC}") = "EasySave2", "EasySave2\EasySave2.csproj", "{2BF68919-2086-4148-8FE2-F11BD494644A}"
EndProject
Project("{FAE04EC0-301F-11D3-BF4B-00C04F79EFBC}") = "EasySaveRemoteConsole", "EasySaveRemoteConsole\EasySaveRemoteConsole.csproj", "{20A2526F-551F-4C93-8D72-8578D471D698}"
EndProject
Global
	GlobalSection(SolutionConfigurationPlatforms) = preSolution
		Debug|Any CPU = Debug|Any CPU
		Release|Any CPU = Release|Any CPU
	EndGlobalSection
	GlobalSection(ProjectConfigurationPlatforms) = postSolution
		{2BF68919-2086-4148-8FE2-F11BD494644A}.Debug|Any CPU.ActiveCfg = Debug|Any CPU
		{2BF68919-2086-4148-8FE2-F11BD494644A}.Debug|Any CPU.Build.0 = Debug|Any CPU
		{2BF68919-2086-4148-8FE2-F11BD494644A}.Release|Any CPU.ActiveCfg = Release|Any CPU
		{2BF68919-2086-4148-8FE2-F11BD494644A}.Release|Any CPU.Build.0 = Release|Any CPU
		{20A2526F-551F-4C93-8D72-8578D471D698}.Debug|Any CPU.ActiveCfg = Debug|Any CPU
		{20A2526F-551F-4C93-8D72-8578D471D698}.Debug|Any CPU.Build.0 = Debug|Any CPU
		{20A2526F-551F-4C93-8D72-8578D471D698}.Release|Any CPU.ActiveCfg = Release|Any CPU
		{20A2526F-551F-4C93-8D72-8578D471D698}.Release|Any CPU.Build.0 = Release|Any CPU
	EndGlobalSection
	GlobalSection(SolutionProperties) = preSolution
		HideSolutionNode = FALSE
	EndGlobalSection
	GlobalSection(ExtensibilityGlobals) = postSolution
		SolutionGuid = {72862CF1-0398-40F7-AE68-E5443F3D33BE}
	EndGlobalSection
EndGlobal
